// !$*UTF8*$!
{
	archiveVersion = 1;
	classes = {
	};
	objectVersion = 46;
	objects = {

/* Begin PBXBuildFile section */
		7841E1241D2DB0F7004249DD /* AppDelegate.swift in Sources */ = {isa = PBXBuildFile; fileRef = 7841E1231D2DB0F7004249DD /* AppDelegate.swift */; };
		7841E1261D2DB0F7004249DD /* ViewController.swift in Sources */ = {isa = PBXBuildFile; fileRef = 7841E1251D2DB0F7004249DD /* ViewController.swift */; };
		7841E1291D2DB0F7004249DD /* Main.storyboard in Resources */ = {isa = PBXBuildFile; fileRef = 7841E1271D2DB0F7004249DD /* Main.storyboard */; };
		7841E12B1D2DB0F7004249DD /* Assets.xcassets in Resources */ = {isa = PBXBuildFile; fileRef = 7841E12A1D2DB0F7004249DD /* Assets.xcassets */; };
		7841E12E1D2DB0F7004249DD /* LaunchScreen.storyboard in Resources */ = {isa = PBXBuildFile; fileRef = 7841E12C1D2DB0F7004249DD /* LaunchScreen.storyboard */; };
/* End PBXBuildFile section */

/* Begin PBXFileReference section */
		7841E1201D2DB0F7004249DD /* IBWithSwiftProject.app */ = {isa = PBXFileReference; explicitFileType = wrapper.application; includeInIndex = 0; path = IBWithSwiftProject.app; sourceTree = BUILT_PRODUCTS_DIR; };
		7841E1231D2DB0F7004249DD /* AppDelegate.swift */ = {isa = PBXFileReference; lastKnownFileType = sourcecode.swift; path = AppDelegate.swift; sourceTree = "<group>"; };
		7841E1251D2DB0F7004249DD /* ViewController.swift */ = {isa = PBXFileReference; lastKnownFileType = sourcecode.swift; path = ViewController.swift; sourceTree = "<group>"; };
		7841E1281D2DB0F7004249DD /* Base */ = {isa = PBXFileReference; lastKnownFileType = file.storyboard; name = Base; path = Base.lproj/Main.storyboard; sourceTree = "<group>"; };
		7841E12A1D2DB0F7004249DD /* Assets.xcassets */ = {isa = PBXFileReference; lastKnownFileType = folder.assetcatalog; path = Assets.xcassets; sourceTree = "<group>"; };
		7841E12D1D2DB0F7004249DD /* Base */ = {isa = PBXFileReference; lastKnownFileType = file.storyboard; name = Base; path = Base.lproj/LaunchScreen.storyboard; sourceTree = "<group>"; };
		7841E12F1D2DB0F7004249DD /* Info.plist */ = {isa = PBXFileReference; lastKnownFileType = text.plist.xml; path = Info.plist; sourceTree = "<group>"; };
/* End PBXFileReference section */

/* Begin PBXFrameworksBuildPhase section */
		7841E11D1D2DB0F7004249DD /* Frameworks */ = {
			isa = PBXFrameworksBuildPhase;
			buildActionMask = 2147483647;
			files = (
			);
			runOnlyForDeploymentPostprocessing = 0;
		};
/* End PBXFrameworksBuildPhase section */

/* Begin PBXGroup section */
		7841E1171D2DB0F7004249DD = {
			isa = PBXGroup;
			children = (
				7841E1221D2DB0F7004249DD /* IBWithSwiftProject */,
				7841E1211D2DB0F7004249DD /* Products */,
			);
			sourceTree = "<group>";
		};
		7841E1211D2DB0F7004249DD /* Products */ = {
			isa = PBXGroup;
			children = (
				7841E1201D2DB0F7004249DD /* IBWithSwiftProject.app */,
			);
			name = Products;
			sourceTree = "<group>";
		};
		7841E1221D2DB0F7004249DD /* IBWithSwiftProject */ = {
			isa = PBXGroup;
			children = (
				7841E1231D2DB0F7004249DD /* AppDelegate.swift */,
				7841E1251D2DB0F7004249DD /* ViewController.swift */,
				7841E1271D2DB0F7004249DD /* Main.storyboard */,
				7841E12A1D2DB0F7004249DD /* Assets.xcassets */,
				7841E12C1D2DB0F7004249DD /* LaunchScreen.storyboard */,
				7841E12F1D2DB0F7004249DD /* Info.plist */,
			);
			path = IBWithSwiftProject;
			sourceTree = "<group>";
		};
/* End PBXGroup section */

/* Begin PBXNativeTarget section */
		7841E11F1D2DB0F7004249DD /* IBWithSwiftProject */ = {
			isa = PBXNativeTarget;
			buildConfigurationList = 7841E1321D2DB0F7004249DD /* Build configuration list for PBXNativeTarget "IBWithSwiftProject" */;
			buildPhases = (
				7841E11C1D2DB0F7004249DD /* Sources */,
				7841E11D1D2DB0F7004249DD /* Frameworks */,
				7841E11E1D2DB0F7004249DD /* Resources */,
			);
			buildRules = (
			);
			dependencies = (
			);
			name = IBWithSwiftProject;
			productName = IBWithSwiftProject;
			productReference = 7841E1201D2DB0F7004249DD /* IBWithSwiftProject.app */;
			productType = "com.apple.product-type.application";
		};
/* End PBXNativeTarget section */

/* Begin PBXProject section */
		7841E1181D2DB0F7004249DD /* Project object */ = {
			isa = PBXProject;
			attributes = {
				LastSwiftUpdateCheck = 0730;
				LastUpgradeCheck = 0730;
				ORGANIZATIONNAME = "Cenker Demir";
				TargetAttributes = {
					7841E11F1D2DB0F7004249DD = {
						CreatedOnToolsVersion = 7.3.1;
						DevelopmentTeam = X82JT57D2Y;
					};
				};
			};
			buildConfigurationList = 7841E11B1D2DB0F7004249DD /* Build configuration list for PBXProject "IBWithSwiftProject" */;
			compatibilityVersion = "Xcode 3.2";
			developmentRegion = English;
			hasScannedForEncodings = 0;
			knownRegions = (
				en,
				Base,
			);
			mainGroup = 7841E1171D2DB0F7004249DD;
			productRefGroup = 7841E1211D2DB0F7004249DD /* Products */;
			projectDirPath = "";
			projectRoot = "";
			targets = (
				7841E11F1D2DB0F7004249DD /* IBWithSwiftProject */,
			);
		};
/* End PBXProject section */

/* Begin PBXResourcesBuildPhase section */
		7841E11E1D2DB0F7004249DD /* Resources */ = {
			isa = PBXResourcesBuildPhase;
			buildActionMask = 2147483647;
			files = (
				7841E12E1D2DB0F7004249DD /* LaunchScreen.storyboard in Resources */,
				7841E12B1D2DB0F7004249DD /* Assets.xcassets in Resources */,
				7841E1291D2DB0F7004249DD /* Main.storyboard in Resources */,
			);
			runOnlyForDeploymentPostprocessing = 0;
		};
/* End PBXResourcesBuildPhase section */

/* Begin PBXSourcesBuildPhase section */
		7841E11C1D2DB0F7004249DD /* Sources */ = {
			isa = PBXSourcesBuildPhase;
			buildActionMask = 2147483647;
			files = (
				7841E1261D2DB0F7004249DD /* ViewController.swift in Sources */,
				7841E1241D2DB0F7004249DD /* AppDelegate.swift in Sources */,
			);
			runOnlyForDeploymentPostprocessing = 0;
		};
/* End PBXSourcesBuildPhase section */

/* Begin PBXVariantGroup section */
		7841E1271D2DB0F7004249DD /* Main.storyboard */ = {
			isa = PBXVariantGroup;
			children = (
				7841E1281D2DB0F7004249DD /* Base */,
			);
			name = Main.storyboard;
			sourceTree = "<group>";
		};
		7841E12C1D2DB0F7004249DD /* LaunchScreen.storyboard */ = {
			isa = PBXVariantGroup;
			children = (
				7841E12D1D2DB0F7004249DD /* Base */,
			);
			name = LaunchScreen.storyboard;
			sourceTree = "<group>";
		};
/* End PBXVariantGroup section */

/* Begin XCBuildConfiguration section */
		7841E1301D2DB0F7004249DD /* Debug */ = {
			isa = XCBuildConfiguration;
			buildSettings = {
				ALWAYS_SEARCH_USER_PATHS = NO;
				CLANG_ANALYZER_NONNULL = YES;
				CLANG_CXX_LANGUAGE_STANDARD = "gnu++0x";
				CLANG_CXX_LIBRARY = "libc++";
				CLANG_ENABLE_MODULES = YES;
				CLANG_ENABLE_OBJC_ARC = YES;
				CLANG_WARN_BOOL_CONVERSION = YES;
				CLANG_WARN_CONSTANT_CONVERSION = YES;
				CLANG_WARN_DIRECT_OBJC_ISA_USAGE = YES_ERROR;
				CLANG_WARN_EMPTY_BODY = YES;
				CLANG_WARN_ENUM_CONVERSION = YES;
				CLANG_WARN_INT_CONVERSION = YES;
				CLANG_WARN_OBJC_ROOT_CLASS = YES_ERROR;
				CLANG_WARN_UNREACHABLE_CODE = YES;
				CLANG_WARN__DUPLICATE_METHOD_MATCH = YES;
				"CODE_SIGN_IDENTITY[sdk=iphoneos*]" = "iPhone Developer";
				COPY_PHASE_STRIP = NO;
				DEBUG_INFORMATION_FORMAT = dwarf;
				ENABLE_STRICT_OBJC_MSGSEND = YES;
				ENABLE_TESTABILITY = YES;
				GCC_C_LANGUAGE_STANDARD = gnu99;
				GCC_DYNAMIC_NO_PIC = NO;
				GCC_NO_COMMON_BLOCKS = YES;
				GCC_OPTIMIZATION_LEVEL = 0;
				GCC_PREPROCESSOR_DEFINITIONS = (
					"DEBUG=1",
					"$(inherited)",
				);
				GCC_WARN_64_TO_32_BIT_CONVERSION = YES;
				GCC_WARN_ABOUT_RETURN_TYPE = YES_ERROR;
				GCC_WARN_UNDECLARED_SELECTOR = YES;
				GCC_WARN_UNINITIALIZED_AUTOS = YES_AGGRESSIVE;
				GCC_WARN_UNUSED_FUNCTION = YES;
				GCC_WARN_UNUSED_VARIABLE = YES;
				IPHONEOS_DEPLOYMENT_TARGET = 9.3;
				MTL_ENABLE_DEBUG_INFO = YES;
				ONLY_ACTIVE_ARCH = YES;
				SDKROOT = iphoneos;
				SWIFT_OPTIMIZATION_LEVEL = "-Onone";
				TARGETED_DEVICE_FAMILY = "1,2";
			};
			name = Debug;
		};
		7841E1311D2DB0F7004249DD /* Release */ = {
			isa = XCBuildConfiguration;
			buildSettings = {
				ALWAYS_SEARCH_USER_PATHS = NO;
				CLANG_ANALYZER_NONNULL = YES;
				CLANG_CXX_LANGUAGE_STANDARD = "gnu++0x";
				CLANG_CXX_LIBRARY = "libc++";
				CLANG_ENABLE_MODULES = YES;
				CLANG_ENABLE_OBJC_ARC = YES;
				CLANG_WARN_BOOL_CONVERSION = YES;
				CLANG_WARN_CONSTANT_CONVERSION = YES;
				CLANG_WARN_DIRECT_OBJC_ISA_USAGE = YES_ERROR;
				CLANG_WARN_EMPTY_BODY = YES;
				CLANG_WARN_ENUM_CONVERSION = YES;
				CLANG_WARN_INT_CONVERSION = YES;
				CLANG_WARN_OBJC_ROOT_CLASS = YES_ERROR;
				CLANG_WARN_UNREACHABLE_CODE = YES;
				CLANG_WARN__DUPLICATE_METHOD_MATCH = YES;
				"CODE_SIGN_IDENTITY[sdk=iphoneos*]" = "iPhone Developer";
				COPY_PHASE_STRIP = NO;
				DEBUG_INFORMATION_FORMAT = "dwarf-with-dsym";
				ENABLE_NS_ASSERTIONS = NO;
				ENABLE_STRICT_OBJC_MSGSEND = YES;
				GCC_C_LANGUAGE_STANDARD = gnu99;
				GCC_NO_COMMON_BLOCKS = YES;
				GCC_WARN_64_TO_32_BIT_CONVERSION = YES;
				GCC_WARN_ABOUT_RETURN_TYPE = YES_ERROR;
				GCC_WARN_UNDECLARED_SELECTOR = YES;
				GCC_WARN_UNINITIALIZED_AUTOS = YES_AGGRESSIVE;
				GCC_WARN_UNUSED_FUNCTION = YES;
				GCC_WARN_UNUSED_VARIABLE = YES;
				IPHONEOS_DEPLOYMENT_TARGET = 9.3;
				MTL_ENABLE_DEBUG_INFO = NO;
				SDKROOT = iphoneos;
				TARGETED_DEVICE_FAMILY = "1,2";
				VALIDATE_PRODUCT = YES;
			};
			name = Release;
		};
		7841E1331D2DB0F7004249DD /* Debug */ = {
			isa = XCBuildConfiguration;
			buildSettings = {
				ASSETCATALOG_COMPILER_APPICON_NAME = AppIcon;
				INFOPLIST_FILE = IBWithSwiftProject/Info.plist;
				LD_RUNPATH_SEARCH_PATHS = "$(inherited) @executable_path/Frameworks";
				PRODUCT_BUNDLE_IDENTIFIER = com.Cenker.Demir.IBWithSwiftProject;
				PRODUCT_NAME = "$(TARGET_NAME)";
			};
			name = Debug;
		};
		7841E1341D2DB0F7004249DD /* Release */ = {
			isa = XCBuildConfiguration;
			buildSettings = {
				ASSETCATALOG_COMPILER_APPICON_NAME = AppIcon;
				INFOPLIST_FILE = IBWithSwiftProject/Info.plist;
				LD_RUNPATH_SEARCH_PATHS = "$(inherited) @executable_path/Frameworks";
				PRODUCT_BUNDLE_IDENTIFIER = com.Cenker.Demir.IBWithSwiftProject;
				PRODUCT_NAME = "$(TARGET_NAME)";
			};
			name = Release;
		};
/* End XCBuildConfiguration section */

/* Begin XCConfigurationList section */
		7841E11B1D2DB0F7004249DD /* Build configuration list for PBXProject "IBWithSwiftProject" */ = {
			isa = XCConfigurationList;
			buildConfigurations = (
				7841E1301D2DB0F7004249DD /* Debug */,
				7841E1311D2DB0F7004249DD /* Release */,
			);
			defaultConfigurationIsVisible = 0;
			defaultConfigurationName = Release;
		};
		7841E1321D2DB0F7004249DD /* Build configuration list for PBXNativeTarget "IBWithSwiftProject" */ = {
			isa = XCConfigurationList;
			buildConfigurations = (
				7841E1331D2DB0F7004249DD /* Debug */,
				7841E1341D2DB0F7004249DD /* Release */,
			);
			defaultConfigurationIsVisible = 0;
		};
/* End XCConfigurationList section */
	};
	rootObject = 7841E1181D2DB0F7004249DD /* Project object */;
}
